
Microsoft Visual Studio Solution File, Format Version 12.00
# Visual Studio Version 16
VisualStudioVersion = 16.0.31025.194
MinimumVisualStudioVersion = 10.0.40219.1
Project("{FAE04EC0-301F-11D3-BF4B-00C04F79EFBC}") = "lr", "lr.csproj", "{C259E1C6-0601-4E2D-BE80-75031477982D}"
EndProject
Global
	GlobalSection(SolutionConfigurationPlatforms) = preSolution
		Debug|Any CPU = Debug|Any CPU
		Release|Any CPU = Release|Any CPU
	EndGlobalSection
	GlobalSection(ProjectConfigurationPlatforms) = postSolution
		{C259E1C6-0601-4E2D-BE80-75031477982D}.Debug|Any CPU.ActiveCfg = Debug|Any CPU
		{C259E1C6-0601-4E2D-BE80-75031477982D}.Debug|Any CPU.Build.0 = Debug|Any CPU
		{C259E1C6-0601-4E2D-BE80-75031477982D}.Release|Any CPU.ActiveCfg = Release|Any CPU
		{C259E1C6-0601-4E2D-BE80-75031477982D}.Release|Any CPU.Build.0 = Release|Any CPU
	EndGlobalSection
	GlobalSection(SolutionProperties) = preSolution
		HideSolutionNode = FALSE
	EndGlobalSection
	GlobalSection(ExtensibilityGlobals) = postSolution
		SolutionGuid = {BF6AF738-B2AF-4FF3-9BC5-54B98E1821DA}
	EndGlobalSection
EndGlobal
